# THIS IS AN AUTOGENERATED FILE. DO NOT EDIT THIS FILE DIRECTLY.
# yarn lockfile v1


cdir@^0.1.2:
  version "0.1.2"
  resolved "https://registry.npmjs.org/cdir/-/cdir-0.1.2.tgz#fcc289812df1966ab8a5607cacec862ca4afd28a"
  integrity sha1-/MKJgS3xlmq4pWB8rOyGLKSv0oo=
  dependencies:
    ttys "*"

ttys@*, ttys@^0.0.3:
  version "0.0.3"
  resolved "https://registry.npmjs.org/ttys/-/ttys-0.0.3.tgz#15bacde7831020de5f2f28f01b1732ef03651f4d"
  integrity sha1-FbrN54MQIN5fLyjwGxcy7wNlH00=
